<?xml version="1.0" encoding="UTF-8"?>
<CONFIG>
  <ProjectOptions>
    <Version Value="12"/>
    <PathDelim Value="\"/>
    <General>
      <Flags>
        <CompatibilityMode Value="True"/>
      </Flags>
      <SessionStorage Value="InProjectDir"/>
      <Title Value="matrixFont"/>
      <Scaled Value="True"/>
      <ResourceType Value="res"/>
      <UseXPManifest Value="True"/>
      <XPManifest>
        <DpiAware Value="True"/>
      </XPManifest>
      <Icon Value="0"/>
    </General>
    <i18n>
      <EnableI18N Value="True"/>
      <OutDir Value="..\bin\lang"/>
      <ExcludedIdentifiers Count="100">
        <Item1 Value="TfmAbout.lbInfo.Caption"/>
        <Item2 Value="TfmAbout.lbHardware.Caption"/>
        <Item3 Value="tfmabout.lbsite.caption"/>
        <Item4 Value="tfmconfirm.lbmessage.caption"/>
        <Item5 Value="tfmgen.cbemptybits.text"/>
        <Item6 Value="tfmgen.cbfonttype.text"/>
        <Item7 Value="tfmgen.cblanguage.text"/>
        <Item8 Value="tfmgen.cbnumbersbits.text"/>
        <Item9 Value="tfmgen.cbnumbersview.text"/>
        <Item10 Value="tfmgen.cbscancolsfirst.text"/>
        <Item11 Value="tfmgen.cbscancolstoright.text"/>
        <Item12 Value="tfmgen.cbscanrowstodown.text"/>
        <Item13 Value="tfmgen.lbdots.caption"/>
        <Item14 Value="tfmgen.lbinfo.caption"/>
        <Item15 Value="tfmgen.tbcode.caption"/>
        <Item16 Value="tfmgen.tbselector.caption"/>
        <Item17 Value="tfmgen.toolbutton3.caption"/>
        <Item18 Value="tfmimport.cbfontlist.text"/>
        <Item19 Value="tfmimport.lbscale.caption"/>
        <Item20 Value="TfmMain.lbNavigator.Caption"/>
        <Item21 Value="tfmmain.lbeditor.caption"/>
        <Item22 Value="tfmmain.lbedithex.caption"/>
        <Item23 Value="tfmmain.acpastemodeand.caption"/>
        <Item24 Value="tfmmain.acpastemodeor.caption"/>
        <Item25 Value="tfmmain.acpastemodexor.caption"/>
        <Item26 Value="tfmmain.toolbutton13.caption"/>
        <Item27 Value="tfmmain.toolbutton16.caption"/>
        <Item28 Value="tfmmain.toolbutton18.caption"/>
        <Item29 Value="tfmmain.toolbutton24.caption"/>
        <Item30 Value="tfmmain.toolbutton30.caption"/>
        <Item31 Value="tfmmain.toolbutton33.caption"/>
        <Item32 Value="tfmmain.toolbutton38.caption"/>
        <Item33 Value="tfmmain.toolbutton4.caption"/>
        <Item34 Value="tfmmain.toolbutton43.caption"/>
        <Item35 Value="tfmmain.toolbutton45.caption"/>
        <Item36 Value="tfmmain.toolbutton47.caption"/>
        <Item37 Value="tfmmain.toolbutton5.caption"/>
        <Item38 Value="tfmmain.toolbutton50.caption"/>
        <Item39 Value="tfmmain.toolbutton56.caption"/>
        <Item40 Value="tfmmain.toolbutton63.caption"/>
        <Item41 Value="tfmmain.toolbutton67.caption"/>
        <Item42 Value="tfmmain.toolbutton7.caption"/>
        <Item43 Value="tfmmain.toolbutton76.caption"/>
        <Item44 Value="tfmmain.toolbutton100.caption"/>
        <Item45 Value="tfmmain.toolbutton101.caption"/>
        <Item46 Value="tfmmain.toolbutton103.caption"/>
        <Item47 Value="tfmmain.toolbutton109.caption"/>
        <Item48 Value="tfmmain.toolbutton113.caption"/>
        <Item49 Value="tfmmain.toolbutton150.caption"/>
        <Item50 Value="tfmmain.toolbutton152.caption"/>
        <Item51 Value="tfmmain.toolbutton154.caption"/>
        <Item52 Value="tfmmain.toolbutton156.caption"/>
        <Item53 Value="tfmmain.toolbutton158.caption"/>
        <Item54 Value="tfmmain.toolbutton160.caption"/>
        <Item55 Value="tfmmain.toolbutton163.caption"/>
        <Item56 Value="tfmmain.toolbutton165.caption"/>
        <Item57 Value="tfmmain.toolbutton2.caption"/>
        <Item58 Value="tfmmain.toolbutton92.caption"/>
        <Item59 Value="tfmmain.toolbutton93.caption"/>
        <Item60 Value="tfmmain.toolbutton96.caption"/>
        <Item61 Value="tfmoptimize.lbdownvalue.caption"/>
        <Item62 Value="tfmoptimize.lbleftvalue.caption"/>
        <Item63 Value="tfmoptimize.lbnewvalue.caption"/>
        <Item64 Value="tfmoptimize.lboldvalue.caption"/>
        <Item65 Value="tfmoptimize.lbrightvalue.caption"/>
        <Item66 Value="tfmoptimize.lbupvalue.caption"/>
        <Item67 Value="tfmoptimize.lbwarning.caption"/>
        <Item68 Value="tfmpreview.lbbackground.caption"/>
        <Item69 Value="tfmpreview.tbcontrols.caption"/>
        <Item70 Value="tfmrange.lbwarning.caption"/>
        <Item71 Value="tfmsettings.cbcharnamefont.text"/>
        <Item72 Value="tfmsettings.cbcodehex.caption"/>
        <Item73 Value="tfmsettings.cbcodenamefont.text"/>
        <Item74 Value="tfmsettings.lbempty1.caption"/>
        <Item75 Value="tfmsizes.lbempty5.caption"/>
        <Item76 Value="tfmsizes.lbempty6.caption"/>
        <Item77 Value="tfmsizes.lbnewvalue.caption"/>
        <Item78 Value="tfmsizes.lboldvalue.caption"/>
        <Item79 Value="tfmsizes.lbwarning.caption"/>
        <Item80 Value="fm_gen.fm_gen_lng_1"/>
        <Item81 Value="fm_gen.fm_gen_lng_2"/>
        <Item82 Value="fm_gen.fm_gen_nb_1"/>
        <Item83 Value="fm_gen.fm_gen_nb_2"/>
        <Item84 Value="fm_gen.fm_gen_nb_3"/>
        <Item85 Value="fm_gen.fm_gen_nb_4"/>
        <Item86 Value="fm_gen.fm_gen_nv_1"/>
        <Item87 Value="fm_gen.fm_gen_nv_2"/>
        <Item88 Value="fm_gen.fm_gen_nv_3"/>
        <Item89 Value="tfmimportc.edimpexample.text"/>
        <Item90 Value="tfmimportc.lbinfo.caption"/>
        <Item91 Value="tfmimportc.pimpoffset.caption"/>
        <Item92 Value="tfmimportc.pimprange.caption"/>
        <Item93 Value="tfmimportc.pimpsizes.caption"/>
        <Item94 Value="tfmimportc.tbcode.caption"/>
        <Item95 Value="tfmimportc.tbselector.caption"/>
        <Item96 Value="tfmimportc.tscode.caption"/>
        <Item97 Value="tfmimportc.tsparams.caption"/>
        <Item98 Value="tfmimportc.cbimpbitorder.text"/>
        <Item99 Value="tfmmap.caption"/>
        <Item100 Value="tfmmap.cbmapwidth.text"/>
      </ExcludedIdentifiers>
    </i18n>
    <VersionInfo>
      <UseVersionInfo Value="True"/>
      <AutoIncrementBuild Value="True"/>
      <MajorVersionNr Value="1"/>
      <MinorVersionNr Value="5"/>
      <RevisionNr Value="2"/>
      <BuildNr Value="67"/>
      <Language Value="0419"/>
      <StringTable Comments="Создание и редактирование растровых шрифтов, предпросмотр образцов текста, генерирование кода Си" CompanyName="https://gitlab.com/riva-lab/matrixFont" FileDescription="matrixFont" InternalName="matrixFont" LegalCopyright="Riva, 2015-2024" OriginalFilename="matrixFont" ProductName="matrixFont"/>
    </VersionInfo>
    <BuildModes Count="4">
      <Item1 Name="x64-Debug" Default="True"/>
      <Item2 Name="x64-Release">
        <CompilerOptions>
          <Version Value="11"/>
          <PathDelim Value="\"/>
          <Target>
            <Filename Value="..\bin\matrixFont-$BuildMode()"/>
          </Target>
          <SearchPaths>
            <IncludeFiles Value="$(ProjOutDir)"/>
            <UnitOutputDirectory Value="lib\$(TargetCPU)-$(TargetOS)"/>
          </SearchPaths>
          <CodeGeneration>
            <SmartLinkUnit Value="True"/>
            <TargetCPU Value="x86_64"/>
            <TargetOS Value="win64"/>
            <Optimizations>
              <OptimizationLevel Value="3"/>
            </Optimizations>
          </CodeGeneration>
          <Linking>
            <Debugging>
              <GenerateDebugInfo Value="False"/>
              <StripSymbols Value="True"/>
            </Debugging>
            <LinkSmart Value="True"/>
            <Options>
              <Win32>
                <GraphicApplication Value="True"/>
              </Win32>
            </Options>
          </Linking>
          <Other>
            <OtherDefines Count="1">
              <Define0 Value="DEBUG"/>
            </OtherDefines>
          </Other>
        </CompilerOptions>
      </Item2>
      <Item3 Name="x32-Debug">
        <CompilerOptions>
          <Version Value="11"/>
          <PathDelim Value="\"/>
          <Target>
            <Filename Value="..\bin\matrixFont-$BuildMode()"/>
          </Target>
          <SearchPaths>
            <IncludeFiles Value="$(ProjOutDir)"/>
            <UnitOutputDirectory Value="lib\$(TargetCPU)-$(TargetOS)"/>
          </SearchPaths>
          <Parsing>
            <SyntaxOptions>
              <IncludeAssertionCode Value="True"/>
            </SyntaxOptions>
          </Parsing>
          <CodeGeneration>
            <Checks>
              <IOChecks Value="True"/>
              <RangeChecks Value="True"/>
              <OverflowChecks Value="True"/>
              <StackChecks Value="True"/>
            </Checks>
            <TargetCPU Value="i386"/>
            <TargetOS Value="win32"/>
          </CodeGeneration>
          <Linking>
            <Debugging>
              <DebugInfoType Value="dsDwarf2"/>
              <UseExternalDbgSyms Value="True"/>
            </Debugging>
            <Options>
              <Win32>
                <GraphicApplication Value="True"/>
              </Win32>
            </Options>
          </Linking>
          <Other>
            <Verbosity>
              <ShoLineNum Value="True"/>
              <ShowDebugInfo Value="True"/>
            </Verbosity>
            <CustomOptions Value="-dDEBUG"/>
            <OtherDefines Count="1">
              <Define0 Value="DEBUG"/>
            </OtherDefines>
          </Other>
        </CompilerOptions>
      </Item3>
      <Item4 Name="x32-Release">
        <CompilerOptions>
          <Version Value="11"/>
          <PathDelim Value="\"/>
          <Target>
            <Filename Value="..\bin\matrixFont-$BuildMode()"/>
          </Target>
          <SearchPaths>
            <IncludeFiles Value="$(ProjOutDir)"/>
            <UnitOutputDirectory Value="lib\$(TargetCPU)-$(TargetOS)"/>
          </SearchPaths>
          <CodeGeneration>
            <SmartLinkUnit Value="True"/>
            <TargetCPU Value="i386"/>
            <TargetOS Value="win32"/>
            <Optimizations>
              <OptimizationLevel Value="3"/>
            </Optimizations>
          </CodeGeneration>
          <Linking>
            <Debugging>
              <GenerateDebugInfo Value="False"/>
              <StripSymbols Value="True"/>
            </Debugging>
            <LinkSmart Value="True"/>
            <Options>
              <Win32>
                <GraphicApplication Value="True"/>
              </Win32>
            </Options>
          </Linking>
          <Other>
            <OtherDefines Count="1">
              <Define0 Value="DEBUG"/>
            </OtherDefines>
          </Other>
        </CompilerOptions>
      </Item4>
    </BuildModes>
    <PublishOptions>
      <Version Value="2"/>
    </PublishOptions>
    <RunParams>
      <FormatVersion Value="2"/>
      <Modes Count="1">
        <Mode0 Name="default"/>
      </Modes>
    </RunParams>
    <RequiredPackages Count="3">
      <Item1>
        <PackageName Value="ImageSVGListDsgn"/>
      </Item1>
      <Item2>
        <PackageName Value="SynEdit"/>
      </Item2>
      <Item3>
        <PackageName Value="LCL"/>
      </Item3>
    </RequiredPackages>
    <Units Count="25">
      <Unit0>
        <Filename Value="_matrixFont.lpr"/>
        <IsPartOfProject Value="True"/>
      </Unit0>
      <Unit1>
        <Filename Value="fm_main.pas"/>
        <IsPartOfProject Value="True"/>
        <ComponentName Value="fmMain"/>
        <HasResources Value="True"/>
        <ResourceBaseClass Value="Form"/>
      </Unit1>
      <Unit2>
        <Filename Value="fm_gen.pas"/>
        <IsPartOfProject Value="True"/>
        <ComponentName Value="fmGen"/>
        <HasResources Value="True"/>
        <ResourceBaseClass Value="Form"/>
      </Unit2>
      <Unit3>
        <Filename Value="fm_new.pas"/>
        <IsPartOfProject Value="True"/>
        <ComponentName Value="fmNew"/>
        <HasResources Value="True"/>
        <ResourceBaseClass Value="Form"/>
      </Unit3>
      <Unit4>
        <Filename Value="symbol.pas"/>
        <IsPartOfProject Value="True"/>
      </Unit4>
      <Unit5>
        <Filename Value="font.pas"/>
        <IsPartOfProject Value="True"/>
      </Unit5>
      <Unit6>
        <Filename Value="fm_prop.pas"/>
        <IsPartOfProject Value="True"/>
        <ComponentName Value="fmProp"/>
        <HasResources Value="True"/>
        <ResourceBaseClass Value="Form"/>
      </Unit6>
      <Unit7>
        <Filename Value="fm_confirm.pas"/>
        <IsPartOfProject Value="True"/>
        <ComponentName Value="fmConfirm"/>
        <HasResources Value="True"/>
        <ResourceBaseClass Value="Form"/>
      </Unit7>
      <Unit8>
        <Filename Value="app_ver.pas"/>
        <IsPartOfProject Value="True"/>
      </Unit8>
      <Unit9>
        <Filename Value="fm_import.pas"/>
        <IsPartOfProject Value="True"/>
        <ComponentName Value="fmImport"/>
        <HasResources Value="True"/>
        <ResourceBaseClass Value="Form"/>
      </Unit9>
      <Unit10>
        <Filename Value="fm_preview.pas"/>
        <IsPartOfProject Value="True"/>
        <ComponentName Value="fmPreview"/>
        <HasResources Value="True"/>
        <ResourceBaseClass Value="Form"/>
      </Unit10>
      <Unit11>
        <Filename Value="fm_sizes.pas"/>
        <IsPartOfProject Value="True"/>
        <ComponentName Value="fmSizes"/>
        <HasResources Value="True"/>
        <ResourceBaseClass Value="Form"/>
      </Unit11>
      <Unit12>
        <Filename Value="fm_optimize.pas"/>
        <IsPartOfProject Value="True"/>
        <ComponentName Value="fmOptimize"/>
        <HasResources Value="True"/>
        <ResourceBaseClass Value="Form"/>
      </Unit12>
      <Unit13>
        <Filename Value="fm_range.pas"/>
        <IsPartOfProject Value="True"/>
        <ComponentName Value="fmRange"/>
        <HasResources Value="True"/>
        <ResourceBaseClass Value="Form"/>
      </Unit13>
      <Unit14>
        <Filename Value="fm_about.pas"/>
        <IsPartOfProject Value="True"/>
        <ComponentName Value="fmAbout"/>
        <HasResources Value="True"/>
        <ResourceBaseClass Value="Form"/>
      </Unit14>
      <Unit15>
        <Filename Value="fm_settings.pas"/>
        <IsPartOfProject Value="True"/>
        <ComponentName Value="fmSettings"/>
        <HasResources Value="True"/>
        <ResourceBaseClass Value="Form"/>
      </Unit15>
      <Unit16>
        <Filename Value="help.pas"/>
        <IsPartOfProject Value="True"/>
      </Unit16>
      <Unit17>
        <Filename Value="u_strings.pas"/>
        <IsPartOfProject Value="True"/>
      </Unit17>
      <Unit18>
        <Filename Value="copenfilelist.pas"/>
        <IsPartOfProject Value="True"/>
        <UnitName Value="cOpenFileList"/>
      </Unit18>
      <Unit19>
        <Filename Value="u_utilities.pas"/>
        <IsPartOfProject Value="True"/>
      </Unit19>
      <Unit20>
        <Filename Value="u_encodings.pas"/>
        <IsPartOfProject Value="True"/>
      </Unit20>
      <Unit21>
        <Filename Value="fm_importc.pas"/>
        <IsPartOfProject Value="True"/>
        <ComponentName Value="fmImportC"/>
        <HasResources Value="True"/>
        <ResourceBaseClass Value="Form"/>
      </Unit21>
      <Unit22>
        <Filename Value="u_helpers.pas"/>
        <IsPartOfProject Value="True"/>
      </Unit22>
      <Unit23>
        <Filename Value="fm_main_controls.inc"/>
        <IsPartOfProject Value="True"/>
      </Unit23>
      <Unit24>
        <Filename Value="fm_map.pas"/>
        <IsPartOfProject Value="True"/>
        <ComponentName Value="fmMap"/>
        <HasResources Value="True"/>
        <ResourceBaseClass Value="Form"/>
      </Unit24>
    </Units>
  </ProjectOptions>
  <CompilerOptions>
    <Version Value="11"/>
    <PathDelim Value="\"/>
    <Target>
      <Filename Value="..\bin\matrixFont-$BuildMode()"/>
    </Target>
    <SearchPaths>
      <IncludeFiles Value="$(ProjOutDir)"/>
      <UnitOutputDirectory Value="lib\$(TargetCPU)-$(TargetOS)"/>
    </SearchPaths>
    <Parsing>
      <SyntaxOptions>
        <IncludeAssertionCode Value="True"/>
      </SyntaxOptions>
    </Parsing>
    <CodeGeneration>
      <Checks>
        <IOChecks Value="True"/>
        <RangeChecks Value="True"/>
        <OverflowChecks Value="True"/>
        <StackChecks Value="True"/>
      </Checks>
      <TargetCPU Value="x86_64"/>
      <TargetOS Value="win64"/>
    </CodeGeneration>
    <Linking>
      <Debugging>
        <DebugInfoType Value="dsDwarf2"/>
      </Debugging>
      <Options>
        <Win32>
          <GraphicApplication Value="True"/>
        </Win32>
      </Options>
    </Linking>
    <Other>
      <Verbosity>
        <ShoLineNum Value="True"/>
        <ShowDebugInfo Value="True"/>
      </Verbosity>
      <CustomOptions Value="-dDEBUG"/>
      <OtherDefines Count="1">
        <Define0 Value="DEBUG"/>
      </OtherDefines>
    </Other>
  </CompilerOptions>
  <Debugging>
    <Exceptions Count="4">
      <Item1>
        <Name Value="EAbort"/>
      </Item1>
      <Item2>
        <Name Value="ECodetoolError"/>
      </Item2>
      <Item3>
        <Name Value="EFOpenError"/>
      </Item3>
      <Item4>
        <Name Value="Exception"/>
      </Item4>
    </Exceptions>
  </Debugging>
</CONFIG>
