<?xml version="1.0" encoding="UTF-8"?>
<CONFIG>
  <ProjectOptions>
    <Version Value="12"/>
    <PathDelim Value="\"/>
    <General>
      <Flags>
        <CompatibilityMode Value="True"/>
      </Flags>
      <SessionStorage Value="InProjectDir"/>
      <Title Value="matrixFont"/>
      <Scaled Value="True"/>
      <ResourceType Value="res"/>
      <UseXPManifest Value="True"/>
      <XPManifest>
        <DpiAware Value="True"/>
      </XPManifest>
      <Icon Value="0"/>
      <Resources Count="4">
        <Resource_0 FileName="..\resources\logoR-opt.svg" Type="RCDATA" ResourceName="LOGO"/>
        <Resource_1 FileName="..\license.md" Type="RCDATA" ResourceName="LICENSE"/>
        <Resource_2 FileName="..\readme.md" Type="RCDATA" ResourceName="README"/>
        <Resource_3 FileName="..\resources\codeTemplateDefault.txt" Type="RCDATA" ResourceName="CODETEMPDEF"/>
      </Resources>
    </General>
    <i18n>
      <EnableI18N Value="True"/>
      <OutDir Value="..\bin\lang"/>
      <ExcludedIdentifiers Count="115">
        <Item1 Value="TfmAbout.lbInfo.Caption"/>
        <Item2 Value="tfmabout.bcsvglogo.caption"/>
        <Item3 Value="tfmmap.tbcontrols.caption"/>
        <Item4 Value="tfmconfirm.lbmessage.caption"/>
        <Item5 Value="tfmgen.cbemptybits.text"/>
        <Item6 Value="tfmgen.cbfonttype.text"/>
        <Item7 Value="tfmgen.cbgenlanguage.text"/>
        <Item8 Value="tfmgen.cbnumbersbits.text"/>
        <Item9 Value="tfmgen.cbnumbersview.text"/>
        <Item10 Value="tfmgen.cbscancolsfirst.text"/>
        <Item11 Value="tfmgen.cbscancolstoright.text"/>
        <Item12 Value="tfmgen.cbscanrowstodown.text"/>
        <Item13 Value="tfmgen.lbdots.caption"/>
        <Item14 Value="tfmgen.lbinfo.caption"/>
        <Item15 Value="tfmgen.tbcode.caption"/>
        <Item16 Value="tfmgen.tbselector.caption"/>
        <Item17 Value="tfmgen.toolbutton3.caption"/>
        <Item18 Value="tfmimport.cbfontlist.text"/>
        <Item19 Value="tfmimport.lbscale.caption"/>
        <Item20 Value="TfmMain.lbNavigator.Caption"/>
        <Item21 Value="tfmmain.lbeditor.caption"/>
        <Item22 Value="tfmmain.lbedithex.caption"/>
        <Item23 Value="tfmmain.acpastemodeand.caption"/>
        <Item24 Value="tfmmain.acpastemodeor.caption"/>
        <Item25 Value="tfmmain.acpastemodexor.caption"/>
        <Item26 Value="tfmmain.toolbutton13.caption"/>
        <Item27 Value="tfmmain.toolbutton16.caption"/>
        <Item28 Value="tfmmain.toolbutton18.caption"/>
        <Item29 Value="tfmmain.toolbutton24.caption"/>
        <Item30 Value="tfmmain.toolbutton30.caption"/>
        <Item31 Value="tfmmain.toolbutton33.caption"/>
        <Item32 Value="tfmmain.toolbutton38.caption"/>
        <Item33 Value="tfmmain.toolbutton43.caption"/>
        <Item34 Value="tfmmain.toolbutton45.caption"/>
        <Item35 Value="tfmmain.toolbutton47.caption"/>
        <Item36 Value="tfmmain.toolbutton5.caption"/>
        <Item37 Value="tfmmain.toolbutton50.caption"/>
        <Item38 Value="tfmmain.toolbutton56.caption"/>
        <Item39 Value="tfmmain.toolbutton63.caption"/>
        <Item40 Value="tfmmain.toolbutton67.caption"/>
        <Item41 Value="tfmmain.toolbutton7.caption"/>
        <Item42 Value="tfmmain.toolbutton76.caption"/>
        <Item43 Value="tfmoptimize.lbdownvalue.caption"/>
        <Item44 Value="tfmoptimize.lbleftvalue.caption"/>
        <Item45 Value="tfmoptimize.lbnewvalue.caption"/>
        <Item46 Value="tfmoptimize.lboldvalue.caption"/>
        <Item47 Value="tfmoptimize.lbrightvalue.caption"/>
        <Item48 Value="tfmoptimize.lbupvalue.caption"/>
        <Item49 Value="tfmoptimize.lbwarning.caption"/>
        <Item50 Value="tfmpreview.lbbackground.caption"/>
        <Item51 Value="tfmpreview.tbcontrols.caption"/>
        <Item52 Value="tfmrange.lbwarning.caption"/>
        <Item53 Value="tfmsettings.cbcharnamefont.text"/>
        <Item54 Value="tfmsettings.cbcodehex.caption"/>
        <Item55 Value="tfmsettings.cbcodenamefont.text"/>
        <Item56 Value="tfmsettings.lbempty1.caption"/>
        <Item57 Value="tfmsettings.edauthor.text"/>
        <Item58 Value="tfmsettings.edfontname.text"/>
        <Item59 Value="tfmsettings.bbapply.caption"/>
        <Item60 Value="tfmsizes.lbempty5.caption"/>
        <Item61 Value="tfmsizes.lbempty6.caption"/>
        <Item62 Value="tfmsizes.lbnewvalue.caption"/>
        <Item63 Value="tfmsizes.lboldvalue.caption"/>
        <Item64 Value="tfmsizes.lbwarning.caption"/>
        <Item65 Value="fm_gen.fm_gen_lng_1"/>
        <Item66 Value="fm_gen.fm_gen_lng_2"/>
        <Item67 Value="fm_gen.fm_gen_nb_1"/>
        <Item68 Value="fm_gen.fm_gen_nb_2"/>
        <Item69 Value="fm_gen.fm_gen_nb_3"/>
        <Item70 Value="fm_gen.fm_gen_nb_4"/>
        <Item71 Value="fm_gen.fm_gen_nv_1"/>
        <Item72 Value="fm_gen.fm_gen_nv_2"/>
        <Item73 Value="fm_gen.fm_gen_nv_3"/>
        <Item74 Value="tfmimportc.edimpexample.text"/>
        <Item75 Value="tfmimportc.lbinfo.caption"/>
        <Item76 Value="tfmimportc.pimpoffset.caption"/>
        <Item77 Value="tfmimportc.pimprange.caption"/>
        <Item78 Value="tfmimportc.pimpsizes.caption"/>
        <Item79 Value="tfmimportc.tbcode.caption"/>
        <Item80 Value="tfmimportc.tbselector.caption"/>
        <Item81 Value="tfmimportc.tscode.caption"/>
        <Item82 Value="tfmimportc.tsparams.caption"/>
        <Item83 Value="tfmimportc.cbimpbitorder.text"/>
        <Item84 Value="tfmmap.caption"/>
        <Item85 Value="tfmmap.cbmapwidth.text"/>
        <Item86 Value="AT_THEME_ALLOWDARK"/>
        <Item87 Value="AT_THEME_LIGHT"/>
        <Item88 Value="AT_THEME_DARK"/>
        <Item89 Value="tfmsettings.cbstickingside.text"/>
        <Item90 Value="tfmsettings.cbstickingsize.text"/>
        <Item91 Value="tfmsettings.lbcolorsl2.caption"/>
        <Item92 Value="tfmsettings.lbcolorsl3.caption"/>
        <Item93 Value="tfmsettings.lbcolorsl4.caption"/>
        <Item94 Value="tfmsettings.lbcolorsl5.caption"/>
        <Item95 Value="tfmsettings.lbcolorsl2.hint"/>
        <Item96 Value="tfmsettings.lbcolorsl3.hint"/>
        <Item97 Value="tfmsettings.lbcolorsl4.hint"/>
        <Item98 Value="tfmsettings.lbcolorsl5.hint"/>
        <Item99 Value="tfmsettings.lbcolorsd2.caption"/>
        <Item100 Value="tfmsettings.lbcolorsd3.caption"/>
        <Item101 Value="tfmsettings.lbcolorsd4.caption"/>
        <Item102 Value="tfmsettings.lbcolorsd5.caption"/>
        <Item103 Value="tfmsettings.lbcolorsd2.hint"/>
        <Item104 Value="tfmsettings.lbcolorsd3.hint"/>
        <Item105 Value="tfmsettings.lbcolorsd4.hint"/>
        <Item106 Value="tfmsettings.lbcolorsd5.hint"/>
        <Item107 Value="tfmrbf.lbfontwiki.hint"/>
        <Item108 Value="tfmgen.cbgroupdirection.text"/>
        <Item109 Value="tfmgen.cbbitorderlsb.text"/>
        <Item110 Value="tfmimportc.btnswapwh.caption"/>
        <Item111 Value="tfmupdate.lbsize.caption"/>
        <Item112 Value="tfmsettings.cbappupdateway.text"/>
        <Item113 Value="tfmsettings.cbappupdatefreq.text"/>
        <Item114 Value="tfmrange.lbdiffs.caption"/>
        <Item115 Value="tfmrange.lbdiffe.caption"/>
      </ExcludedIdentifiers>
    </i18n>
    <VersionInfo>
      <UseVersionInfo Value="True"/>
      <AutoIncrementBuild Value="True"/>
      <MajorVersionNr Value="2"/>
      <MinorVersionNr Value="3"/>
      <BuildNr Value="98"/>
      <Language Value="0419"/>
      <StringTable Comments="Raster fonts creating and editing. C code generating. Char map and example text preview. Export to image and import from image or code. Must-have tool for embed developers" CompanyName="Riva Lab :: riva-lab.gitlab.io" FileDescription="matrixFont - raster fonts editor" InternalName="matrixFont" LegalCopyright="Riva, 2015-2025" OriginalFilename="matrixFont" ProductName="matrixFont"/>
    </VersionInfo>
    <BuildModes Count="4">
      <Item1 Name="win64-Debug" Default="True"/>
      <Item2 Name="win64-Release">
        <CompilerOptions>
          <Version Value="11"/>
          <PathDelim Value="\"/>
          <Target>
            <Filename Value="..\bin\matrixFont-$BuildMode()"/>
          </Target>
          <SearchPaths>
            <IncludeFiles Value="$(ProjOutDir)"/>
            <OtherUnitFiles Value="settings;func;misc"/>
            <UnitOutputDirectory Value="lib\$(TargetCPU)-$(TargetOS)"/>
          </SearchPaths>
          <CodeGeneration>
            <SmartLinkUnit Value="True"/>
            <TargetCPU Value="x86_64"/>
            <TargetOS Value="win64"/>
          </CodeGeneration>
          <Linking>
            <Debugging>
              <GenerateDebugInfo Value="False"/>
              <DebugInfoType Value="dsDwarf2"/>
              <StripSymbols Value="True"/>
            </Debugging>
            <LinkSmart Value="True"/>
            <Options>
              <Win32>
                <GraphicApplication Value="True"/>
              </Win32>
            </Options>
          </Linking>
          <Other>
            <OtherDefines Count="1">
              <Define0 Value="DEBUG"/>
            </OtherDefines>
          </Other>
        </CompilerOptions>
      </Item2>
      <Item3 Name="win32-Debug">
        <CompilerOptions>
          <Version Value="11"/>
          <PathDelim Value="\"/>
          <Target>
            <Filename Value="..\bin\matrixFont-$BuildMode()"/>
          </Target>
          <SearchPaths>
            <IncludeFiles Value="$(ProjOutDir)"/>
            <OtherUnitFiles Value="settings;func;misc"/>
            <UnitOutputDirectory Value="lib\$(TargetCPU)-$(TargetOS)"/>
          </SearchPaths>
          <Parsing>
            <SyntaxOptions>
              <IncludeAssertionCode Value="True"/>
            </SyntaxOptions>
          </Parsing>
          <CodeGeneration>
            <Checks>
              <IOChecks Value="True"/>
              <RangeChecks Value="True"/>
              <OverflowChecks Value="True"/>
              <StackChecks Value="True"/>
            </Checks>
            <TargetCPU Value="i386"/>
            <TargetOS Value="win32"/>
            <Optimizations>
              <OptimizationLevel Value="0"/>
            </Optimizations>
          </CodeGeneration>
          <Linking>
            <Debugging>
              <DebugInfoType Value="dsDwarf2"/>
            </Debugging>
            <Options>
              <Win32>
                <GraphicApplication Value="True"/>
              </Win32>
            </Options>
          </Linking>
          <Other>
            <Verbosity>
              <ShoLineNum Value="True"/>
              <ShowDebugInfo Value="True"/>
            </Verbosity>
            <CustomOptions Value="-dDEBUG"/>
            <OtherDefines Count="1">
              <Define0 Value="DEBUG"/>
            </OtherDefines>
          </Other>
        </CompilerOptions>
      </Item3>
      <Item4 Name="win32-Release">
        <CompilerOptions>
          <Version Value="11"/>
          <PathDelim Value="\"/>
          <Target>
            <Filename Value="..\bin\matrixFont-$BuildMode()"/>
          </Target>
          <SearchPaths>
            <IncludeFiles Value="$(ProjOutDir)"/>
            <OtherUnitFiles Value="settings;func;misc"/>
            <UnitOutputDirectory Value="lib\$(TargetCPU)-$(TargetOS)"/>
          </SearchPaths>
          <CodeGeneration>
            <SmartLinkUnit Value="True"/>
            <TargetCPU Value="i386"/>
            <TargetOS Value="win32"/>
          </CodeGeneration>
          <Linking>
            <Debugging>
              <GenerateDebugInfo Value="False"/>
              <DebugInfoType Value="dsDwarf2"/>
              <StripSymbols Value="True"/>
            </Debugging>
            <LinkSmart Value="True"/>
            <Options>
              <Win32>
                <GraphicApplication Value="True"/>
              </Win32>
            </Options>
          </Linking>
          <Other>
            <OtherDefines Count="1">
              <Define0 Value="DEBUG"/>
            </OtherDefines>
          </Other>
        </CompilerOptions>
      </Item4>
    </BuildModes>
    <PublishOptions>
      <Version Value="2"/>
    </PublishOptions>
    <RunParams>
      <FormatVersion Value="2"/>
      <Modes Count="1">
        <Mode0 Name="default"/>
      </Modes>
    </RunParams>
    <RequiredPackages Count="6">
      <Item1>
        <PackageName Value="bgracontrols"/>
      </Item1>
      <Item2>
        <PackageName Value="OnlineUpdaterPkg"/>
      </Item2>
      <Item3>
        <PackageName Value="AppFeaturesPkg"/>
      </Item3>
      <Item4>
        <PackageName Value="ImageSVGListDsgn"/>
      </Item4>
      <Item5>
        <PackageName Value="SynEdit"/>
      </Item5>
      <Item6>
        <PackageName Value="LCL"/>
      </Item6>
    </RequiredPackages>
    <Units Count="32">
      <Unit0>
        <Filename Value="_matrixFont.lpr"/>
        <IsPartOfProject Value="True"/>
      </Unit0>
      <Unit1>
        <Filename Value="fm_main.pas"/>
        <IsPartOfProject Value="True"/>
        <ComponentName Value="fmMain"/>
        <HasResources Value="True"/>
        <ResourceBaseClass Value="Form"/>
      </Unit1>
      <Unit2>
        <Filename Value="fm_gen.pas"/>
        <IsPartOfProject Value="True"/>
        <ComponentName Value="fmGen"/>
        <HasResources Value="True"/>
        <ResourceBaseClass Value="Form"/>
      </Unit2>
      <Unit3>
        <Filename Value="fm_rbf.pas"/>
        <IsPartOfProject Value="True"/>
        <ComponentName Value="fmRbf"/>
        <HasResources Value="True"/>
        <ResourceBaseClass Value="Form"/>
      </Unit3>
      <Unit4>
        <Filename Value="symbol.pas"/>
        <IsPartOfProject Value="True"/>
      </Unit4>
      <Unit5>
        <Filename Value="font.pas"/>
        <IsPartOfProject Value="True"/>
      </Unit5>
      <Unit6>
        <Filename Value="fm_prop.pas"/>
        <IsPartOfProject Value="True"/>
        <ComponentName Value="fmProp"/>
        <HasResources Value="True"/>
        <ResourceBaseClass Value="Form"/>
      </Unit6>
      <Unit7>
        <Filename Value="fm_confirm.pas"/>
        <IsPartOfProject Value="True"/>
        <ComponentName Value="fmConfirm"/>
        <HasResources Value="True"/>
        <ResourceBaseClass Value="Form"/>
      </Unit7>
      <Unit8>
        <Filename Value="fm_import.pas"/>
        <IsPartOfProject Value="True"/>
        <ComponentName Value="fmImport"/>
        <HasResources Value="True"/>
        <ResourceBaseClass Value="Form"/>
      </Unit8>
      <Unit9>
        <Filename Value="fm_preview.pas"/>
        <IsPartOfProject Value="True"/>
        <ComponentName Value="fmPreview"/>
        <HasResources Value="True"/>
        <ResourceBaseClass Value="Form"/>
      </Unit9>
      <Unit10>
        <Filename Value="fm_sizes.pas"/>
        <IsPartOfProject Value="True"/>
        <ComponentName Value="fmSizes"/>
        <HasResources Value="True"/>
        <ResourceBaseClass Value="Form"/>
      </Unit10>
      <Unit11>
        <Filename Value="fm_optimize.pas"/>
        <IsPartOfProject Value="True"/>
        <ComponentName Value="fmOptimize"/>
        <HasResources Value="True"/>
        <ResourceBaseClass Value="Form"/>
      </Unit11>
      <Unit12>
        <Filename Value="fm_range.pas"/>
        <IsPartOfProject Value="True"/>
        <ComponentName Value="fmRange"/>
        <HasResources Value="True"/>
        <ResourceBaseClass Value="Form"/>
      </Unit12>
      <Unit13>
        <Filename Value="fm_about.pas"/>
        <IsPartOfProject Value="True"/>
        <ComponentName Value="fmAbout"/>
        <HasResources Value="True"/>
        <ResourceBaseClass Value="Form"/>
      </Unit13>
      <Unit14>
        <Filename Value="fm_settings.pas"/>
        <IsPartOfProject Value="True"/>
        <ComponentName Value="fmSettings"/>
        <HasResources Value="True"/>
        <ResourceBaseClass Value="Form"/>
      </Unit14>
      <Unit15>
        <Filename Value="u_strings.pas"/>
        <IsPartOfProject Value="True"/>
      </Unit15>
      <Unit16>
        <Filename Value="copenfilelist.pas"/>
        <IsPartOfProject Value="True"/>
        <UnitName Value="cOpenFileList"/>
      </Unit16>
      <Unit17>
        <Filename Value="u_utilities.pas"/>
        <IsPartOfProject Value="True"/>
      </Unit17>
      <Unit18>
        <Filename Value="u_encodings.pas"/>
        <IsPartOfProject Value="True"/>
      </Unit18>
      <Unit19>
        <Filename Value="fm_importc.pas"/>
        <IsPartOfProject Value="True"/>
        <ComponentName Value="fmImportC"/>
        <HasResources Value="True"/>
        <ResourceBaseClass Value="Form"/>
      </Unit19>
      <Unit20>
        <Filename Value="u_helpers.pas"/>
        <IsPartOfProject Value="True"/>
      </Unit20>
      <Unit21>
        <Filename Value="i_main_controls.inc"/>
        <IsPartOfProject Value="True"/>
      </Unit21>
      <Unit22>
        <Filename Value="fm_map.pas"/>
        <IsPartOfProject Value="True"/>
        <ComponentName Value="fmMap"/>
        <HasResources Value="True"/>
        <ResourceBaseClass Value="Form"/>
      </Unit22>
      <Unit23>
        <Filename Value="settings\config_record.pas"/>
        <IsPartOfProject Value="True"/>
      </Unit23>
      <Unit24>
        <Filename Value="func\u_sticking.pas"/>
        <IsPartOfProject Value="True"/>
      </Unit24>
      <Unit25>
        <Filename Value="func\u_map_render.pas"/>
        <IsPartOfProject Value="True"/>
      </Unit25>
      <Unit26>
        <Filename Value="misc\appabout.pas"/>
        <IsPartOfProject Value="True"/>
        <UnitName Value="appAbout"/>
      </Unit26>
      <Unit27>
        <Filename Value="func\u_rbf.pas"/>
        <IsPartOfProject Value="True"/>
      </Unit27>
      <Unit28>
        <Filename Value="fm_new.pas"/>
        <IsPartOfProject Value="True"/>
        <ComponentName Value="fmNew"/>
        <HasResources Value="True"/>
        <ResourceBaseClass Value="Form"/>
      </Unit28>
      <Unit29>
        <Filename Value="u_imghist.pas"/>
        <IsPartOfProject Value="True"/>
      </Unit29>
      <Unit30>
        <Filename Value="fm_update.pas"/>
        <IsPartOfProject Value="True"/>
        <ComponentName Value="fmUpdate"/>
        <HasResources Value="True"/>
        <ResourceBaseClass Value="Form"/>
      </Unit30>
      <Unit31>
        <Filename Value="i_settings_controls.inc"/>
        <IsPartOfProject Value="True"/>
      </Unit31>
    </Units>
  </ProjectOptions>
  <CompilerOptions>
    <Version Value="11"/>
    <PathDelim Value="\"/>
    <Target>
      <Filename Value="..\bin\matrixFont-$BuildMode()"/>
    </Target>
    <SearchPaths>
      <IncludeFiles Value="$(ProjOutDir)"/>
      <OtherUnitFiles Value="settings;func;misc"/>
      <UnitOutputDirectory Value="lib\$(TargetCPU)-$(TargetOS)"/>
    </SearchPaths>
    <Parsing>
      <SyntaxOptions>
        <IncludeAssertionCode Value="True"/>
      </SyntaxOptions>
    </Parsing>
    <CodeGeneration>
      <Checks>
        <IOChecks Value="True"/>
        <RangeChecks Value="True"/>
        <OverflowChecks Value="True"/>
        <StackChecks Value="True"/>
      </Checks>
      <TargetCPU Value="x86_64"/>
      <TargetOS Value="win64"/>
      <Optimizations>
        <OptimizationLevel Value="0"/>
      </Optimizations>
    </CodeGeneration>
    <Linking>
      <Debugging>
        <DebugInfoType Value="dsDwarf2"/>
      </Debugging>
      <Options>
        <Win32>
          <GraphicApplication Value="True"/>
        </Win32>
      </Options>
    </Linking>
    <Other>
      <Verbosity>
        <ShoLineNum Value="True"/>
        <ShowDebugInfo Value="True"/>
      </Verbosity>
      <CustomOptions Value="-dDEBUG"/>
      <OtherDefines Count="1">
        <Define0 Value="DEBUG"/>
      </OtherDefines>
    </Other>
  </CompilerOptions>
  <Debugging>
    <Exceptions Count="4">
      <Item1>
        <Name Value="EAbort"/>
      </Item1>
      <Item2>
        <Name Value="ECodetoolError"/>
      </Item2>
      <Item3>
        <Name Value="EFOpenError"/>
      </Item3>
      <Item4>
        <Name Value="Exception"/>
      </Item4>
    </Exceptions>
  </Debugging>
</CONFIG>
